
Microsoft Visual Studio Solution File, Format Version 12.00
# Visual Studio 15
VisualStudioVersion = 15.0.27004.2005
MinimumVisualStudioVersion = 10.0.40219.1
Project("{FAE04EC0-301F-11D3-BF4B-00C04F79EFBC}") = "RpgBattleSystem", "RpgBattleSystem\RpgBattleSystem.csproj", "{00345B64-F936-47A1-A6F7-E9E6108EF947}"
EndProject
Project("{2150E333-8FDC-42A3-9474-1A3956D46DE8}") = "Solution Items", "Solution Items", "{21780177-B15D-492F-A276-9A5917D62843}"
	ProjectSection(SolutionItems) = preProject
		RpgBattleSystem\Person.cs = RpgBattleSystem\Person.cs
	EndProjectSection
EndProject
Global
	GlobalSection(SolutionConfigurationPlatforms) = preSolution
		Debug|Any CPU = Debug|Any CPU
		Release|Any CPU = Release|Any CPU
	EndGlobalSection
	GlobalSection(ProjectConfigurationPlatforms) = postSolution
		{00345B64-F936-47A1-A6F7-E9E6108EF947}.Debug|Any CPU.ActiveCfg = Debug|Any CPU
		{00345B64-F936-47A1-A6F7-E9E6108EF947}.Debug|Any CPU.Build.0 = Debug|Any CPU
		{00345B64-F936-47A1-A6F7-E9E6108EF947}.Release|Any CPU.ActiveCfg = Release|Any CPU
		{00345B64-F936-47A1-A6F7-E9E6108EF947}.Release|Any CPU.Build.0 = Release|Any CPU
	EndGlobalSection
	GlobalSection(SolutionProperties) = preSolution
		HideSolutionNode = FALSE
	EndGlobalSection
	GlobalSection(ExtensibilityGlobals) = postSolution
		SolutionGuid = {BA278C53-80F1-4AD2-8A70-7E69F3B76C30}
	EndGlobalSection
EndGlobal
